{
  "version": 4,
  "terraform_version": "0.12.19",
  "serial": 79,
  "lineage": "53725380-842a-bc65-dd7c-2ff0f13ce967",
  "outputs": {},
  "resources": [
    {
      "mode": "managed",
      "type": "aws_db_instance",
      "name": "AS1-mariadb",
      "provider": "provider.aws",
      "instances": [
        {
          "schema_version": 0,
          "attributes": {
            "address": "django-db.cad1nf2gj7au.eu-west-1.rds.amazonaws.com",
            "allocated_storage": 60,
            "allow_major_version_upgrade": null,
            "apply_immediately": null,
            "arn": "arn:aws:rds:eu-west-1:224154743240:db:django-db",
            "auto_minor_version_upgrade": true,
            "availability_zone": "eu-west-1b",
            "backup_retention_period": 0,
            "backup_window": "04:42-05:12",
            "ca_cert_identifier": "rds-ca-2015",
            "character_set_name": null,
            "copy_tags_to_snapshot": false,
            "db_subnet_group_name": "mariadb-subnet",
            "deletion_protection": false,
            "domain": "",
            "domain_iam_role_name": "",
            "enabled_cloudwatch_logs_exports": [],
            "endpoint": "django-db.cad1nf2gj7au.eu-west-1.rds.amazonaws.com:3306",
            "engine": "mariadb",
            "engine_version": "10.2.21",
            "final_snapshot_identifier": null,
            "hosted_zone_id": "Z29XKXDKYMONMX",
            "iam_database_authentication_enabled": false,
            "id": "django-db",
            "identifier": "django-db",
            "identifier_prefix": null,
            "instance_class": "db.t2.small",
            "iops": 0,
            "kms_key_id": "arn:aws:kms:eu-west-1:224154743240:key/e8bcab30-179e-400d-9820-2500abd74cb4",
            "license_model": "general-public-license",
            "maintenance_window": "fri:22:26-fri:22:56",
            "max_allocated_storage": 0,
            "monitoring_interval": 0,
            "monitoring_role_arn": "",
            "multi_az": false,
            "name": "DjangoDB",
            "option_group_name": "default:mariadb-10-2",
            "parameter_group_name": "mariadb-parameters",
            "password": "Rand0mPassw0rd",
            "performance_insights_enabled": false,
            "performance_insights_kms_key_id": "",
            "performance_insights_retention_period": 0,
            "port": 3306,
            "publicly_accessible": false,
            "replicas": [],
            "replicate_source_db": "",
            "resource_id": "db-2KD4X2VB2PRCUJH34Q67CRUTQQ",
            "s3_import": [],
            "security_group_names": [],
            "skip_final_snapshot": true,
            "snapshot_identifier": null,
            "status": "available",
            "storage_encrypted": true,
            "storage_type": "gp2",
            "tags": {
              "sre_candidate": "Hussain Abbas"
            },
            "timeouts": null,
            "timezone": "",
            "username": "djangouser",
            "vpc_security_group_ids": [
              "sg-0b1f7ee3872581f09"
            ]
          },
          "private": "eyJlMmJmYjczMC1lY2FhLTExZTYtOGY4OC0zNDM2M2JjN2M0YzAiOnsiY3JlYXRlIjoyNDAwMDAwMDAwMDAwLCJkZWxldGUiOjI0MDAwMDAwMDAwMDAsInVwZGF0ZSI6NDgwMDAwMDAwMDAwMH19",
          "dependencies": [
            "aws_db_parameter_group.mariadb-parameters",
            "aws_db_subnet_group.mariadb-subnet",
            "aws_kms_key.AS1-Key",
            "aws_security_group.RDS-sg",
            "aws_security_group.django-web",
            "aws_security_group.jump-box",
            "aws_vpc.main"
          ]
        }
      ]
    },
    {
      "mode": "managed",
      "type": "aws_db_parameter_group",
      "name": "mariadb-parameters",
      "provider": "provider.aws",
      "instances": [
        {
          "schema_version": 0,
          "attributes": {
            "arn": "arn:aws:rds:eu-west-1:224154743240:pg:mariadb-parameters",
            "description": "Managed by Terraform",
            "family": "mariadb10.2",
            "id": "mariadb-parameters",
            "name": "mariadb-parameters",
            "name_prefix": null,
            "parameter": [
              {
                "apply_method": "immediate",
                "name": "character_set_client",
                "value": "utf8"
              },
              {
                "apply_method": "immediate",
                "name": "max_allowed_packet",
                "value": "16777216"
              }
            ],
            "tags": {}
          },
          "private": "bnVsbA=="
        }
      ]
    },
    {
      "mode": "managed",
      "type": "aws_db_subnet_group",
      "name": "mariadb-subnet",
      "provider": "provider.aws",
      "instances": [
        {
          "schema_version": 0,
          "attributes": {
            "arn": "arn:aws:rds:eu-west-1:224154743240:subgrp:mariadb-subnet",
            "description": "Managed by Terraform",
            "id": "mariadb-subnet",
            "name": "mariadb-subnet",
            "name_prefix": null,
            "subnet_ids": [
              "subnet-0bc54947e29698989",
              "subnet-0e66a8cd64e1d4d06",
              "subnet-0ed812c6e8615ef5c"
            ],
            "tags": {
              "Name": "My DB subnet group"
            }
          },
          "private": "bnVsbA==",
          "dependencies": [
            "aws_subnet.Private-1",
            "aws_subnet.Private-2",
            "aws_subnet.Private-3",
            "aws_vpc.main"
          ]
        }
      ]
    },
    {
      "mode": "managed",
      "type": "aws_instance",
      "name": "django-webserver",
      "provider": "provider.aws",
      "instances": [
        {
          "schema_version": 1,
          "attributes": {
            "ami": "ami-0987ee37af7792903",
            "arn": "arn:aws:ec2:eu-west-1:224154743240:instance/i-0ed0e19957e551c4f",
            "associate_public_ip_address": true,
            "availability_zone": "eu-west-1b",
            "cpu_core_count": 1,
            "cpu_threads_per_core": 1,
            "credit_specification": [
              {
                "cpu_credits": "standard"
              }
            ],
            "disable_api_termination": false,
            "ebs_block_device": [],
            "ebs_optimized": false,
            "ephemeral_block_device": [],
            "get_password_data": false,
            "host_id": null,
            "iam_instance_profile": "",
            "id": "i-0ed0e19957e551c4f",
            "instance_initiated_shutdown_behavior": null,
            "instance_state": "running",
            "instance_type": "t2.micro",
            "ipv6_address_count": 0,
            "ipv6_addresses": [],
            "key_name": "AS1-ssh-key",
            "monitoring": false,
            "network_interface": [],
            "network_interface_id": null,
            "password_data": "",
            "placement_group": "",
            "primary_network_interface_id": "eni-0c3f7f192ebbf0fd8",
            "private_dns": "ip-10-0-2-81.eu-west-1.compute.internal",
            "private_ip": "10.0.2.81",
            "public_dns": "",
            "public_ip": "34.247.74.172",
            "root_block_device": [
              {
                "delete_on_termination": true,
                "encrypted": false,
                "iops": 180,
                "kms_key_id": "",
                "volume_id": "vol-06aa156e17735863d",
                "volume_size": 60,
                "volume_type": "gp2"
              }
            ],
            "security_groups": [
              "sg-071396dda28467619"
            ],
            "source_dest_check": true,
            "subnet_id": "subnet-0ddb2ab961db529d0",
            "tags": {
              "Name": "django-webserver",
              "sre_candidate": "Hussain Abbas"
            },
            "tenancy": "default",
            "timeouts": null,
            "user_data": null,
            "user_data_base64": null,
            "volume_tags": {},
            "vpc_security_group_ids": [
              "sg-071396dda28467619"
            ]
          },
          "private": "eyJlMmJmYjczMC1lY2FhLTExZTYtOGY4OC0zNDM2M2JjN2M0YzAiOnsiY3JlYXRlIjo2MDAwMDAwMDAwMDAsImRlbGV0ZSI6MTIwMDAwMDAwMDAwMCwidXBkYXRlIjo2MDAwMDAwMDAwMDB9LCJzY2hlbWFfdmVyc2lvbiI6IjEifQ==",
          "dependencies": [
            "aws_instance.jump-box",
            "aws_key_pair.AS1-ssh-key",
            "aws_security_group.django-web",
            "aws_security_group.jump-box",
            "random_shuffle.Public-Subnet-ID"
          ]
        }
      ]
    },
    {
      "mode": "managed",
      "type": "aws_instance",
      "name": "jump-box",
      "provider": "provider.aws",
      "instances": [
        {
          "schema_version": 1,
          "attributes": {
            "ami": "ami-0987ee37af7792903",
            "arn": "arn:aws:ec2:eu-west-1:224154743240:instance/i-0b354f1ea137fd8ca",
            "associate_public_ip_address": true,
            "availability_zone": "eu-west-1b",
            "cpu_core_count": 1,
            "cpu_threads_per_core": 1,
            "credit_specification": [
              {
                "cpu_credits": "standard"
              }
            ],
            "disable_api_termination": false,
            "ebs_block_device": [],
            "ebs_optimized": false,
            "ephemeral_block_device": [],
            "get_password_data": false,
            "host_id": null,
            "iam_instance_profile": "",
            "id": "i-0b354f1ea137fd8ca",
            "instance_initiated_shutdown_behavior": null,
            "instance_state": "running",
            "instance_type": "t2.micro",
            "ipv6_address_count": 0,
            "ipv6_addresses": [],
            "key_name": "AS1-ssh-key",
            "monitoring": false,
            "network_interface": [],
            "network_interface_id": null,
            "password_data": "",
            "placement_group": "",
            "primary_network_interface_id": "eni-01b6aac8011c22676",
            "private_dns": "ip-10-0-2-6.eu-west-1.compute.internal",
            "private_ip": "10.0.2.6",
            "public_dns": "",
            "public_ip": "34.241.251.49",
            "root_block_device": [
              {
                "delete_on_termination": true,
                "encrypted": false,
                "iops": 180,
                "kms_key_id": "",
                "volume_id": "vol-031848ef789f64a9b",
                "volume_size": 60,
                "volume_type": "gp2"
              }
            ],
            "security_groups": [
              "sg-0f7a686454491d0a2"
            ],
            "source_dest_check": true,
            "subnet_id": "subnet-0ddb2ab961db529d0",
            "tags": {
              "Name": "JumpBox",
              "sre_candidate": "Hussain Abbas"
            },
            "tenancy": "default",
            "timeouts": null,
            "user_data": null,
            "user_data_base64": null,
            "volume_tags": {},
            "vpc_security_group_ids": [
              "sg-0f7a686454491d0a2"
            ]
          },
          "private": "eyJlMmJmYjczMC1lY2FhLTExZTYtOGY4OC0zNDM2M2JjN2M0YzAiOnsiY3JlYXRlIjo2MDAwMDAwMDAwMDAsImRlbGV0ZSI6MTIwMDAwMDAwMDAwMCwidXBkYXRlIjo2MDAwMDAwMDAwMDB9LCJzY2hlbWFfdmVyc2lvbiI6IjEifQ==",
          "dependencies": [
            "aws_key_pair.AS1-ssh-key",
            "aws_security_group.jump-box",
            "random_shuffle.Public-Subnet-ID"
          ]
        }
      ]
    },
    {
      "mode": "managed",
      "type": "aws_internet_gateway",
      "name": "main",
      "provider": "provider.aws",
      "instances": [
        {
          "schema_version": 0,
          "attributes": {
            "id": "igw-0b361436e8db07760",
            "owner_id": "224154743240",
            "tags": {
              "sre_candidate": "Hussain Abbas"
            },
            "vpc_id": "vpc-0f0beb2522423b131"
          },
          "private": "bnVsbA==",
          "dependencies": [
            "aws_vpc.main"
          ]
        }
      ]
    },
    {
      "mode": "managed",
      "type": "aws_key_pair",
      "name": "AS1-ssh-key",
      "provider": "provider.aws",
      "instances": [
        {
          "schema_version": 1,
          "attributes": {
            "fingerprint": "4c:4f:27:0a:51:70:da:4d:48:27:bf:c7:bb:3e:64:93",
            "id": "AS1-ssh-key",
            "key_name": "AS1-ssh-key",
            "key_name_prefix": null,
            "public_key": "ssh-rsa AAAAB3NzaC1yc2EAAAADAQABAAABAQDLx+q3lyz2Ei0vhRHP8cZRXJTHUC7IJmLKISYxyyQpsZZP6swYMMhijF8HyXqn/pObq/CRBF+ll9c6olGuy0kmesBGWSTtk6jvqMilG2gSkb3H18aKOtBdsZJBaSh1GIYb6f11EwNUIKuQFfPS7GhD+OMf0WT5eFYh73XD7XC69XT1JbojNnLH56ubIrbuwTzDdsi2bm6+AYHPhXN8SYn7PeSuSdJUtHh6yhfgT/h3cI3mB/L9+OV872oAN2amretov1t7DRQ8QLu08I4EhMfTLNaGBfgRQL3P1WH7JZUw/nWpS/XowJMjfd/nxS0VfG1QlX2ZM12gkY6RLfbFBHdb"
          },
          "private": "eyJzY2hlbWFfdmVyc2lvbiI6IjEifQ=="
        }
      ]
    },
    {
      "mode": "managed",
      "type": "aws_kms_key",
      "name": "AS1-Key",
      "provider": "provider.aws",
      "instances": [
        {
          "schema_version": 0,
          "attributes": {
            "arn": "arn:aws:kms:eu-west-1:224154743240:key/e8bcab30-179e-400d-9820-2500abd74cb4",
            "deletion_window_in_days": null,
            "description": "For RDS Encryption",
            "enable_key_rotation": false,
            "id": "e8bcab30-179e-400d-9820-2500abd74cb4",
            "is_enabled": true,
            "key_id": "e8bcab30-179e-400d-9820-2500abd74cb4",
            "key_usage": "ENCRYPT_DECRYPT",
            "policy": "{\"Id\":\"key-default-1\",\"Statement\":[{\"Action\":\"kms:*\",\"Effect\":\"Allow\",\"Principal\":{\"AWS\":\"arn:aws:iam::224154743240:root\"},\"Resource\":\"*\",\"Sid\":\"Enable IAM User Permissions\"}],\"Version\":\"2012-10-17\"}",
            "tags": {}
          },
          "private": "bnVsbA=="
        }
      ]
    },
    {
      "mode": "managed",
      "type": "aws_route_table",
      "name": "main-public",
      "provider": "provider.aws",
      "instances": [
        {
          "schema_version": 0,
          "attributes": {
            "id": "rtb-053b13e4acbd9b592",
            "owner_id": "224154743240",
            "propagating_vgws": [],
            "route": [
              {
                "cidr_block": "0.0.0.0/0",
                "egress_only_gateway_id": "",
                "gateway_id": "igw-0b361436e8db07760",
                "instance_id": "",
                "ipv6_cidr_block": "",
                "nat_gateway_id": "",
                "network_interface_id": "",
                "transit_gateway_id": "",
                "vpc_peering_connection_id": ""
              }
            ],
            "tags": {},
            "vpc_id": "vpc-0f0beb2522423b131"
          },
          "private": "bnVsbA==",
          "dependencies": [
            "aws_internet_gateway.main",
            "aws_vpc.main"
          ]
        }
      ]
    },
    {
      "mode": "managed",
      "type": "aws_route_table_association",
      "name": "a",
      "provider": "provider.aws",
      "instances": [
        {
          "schema_version": 0,
          "attributes": {
            "gateway_id": null,
            "id": "rtbassoc-04dc4b08f412b6658",
            "route_table_id": "rtb-053b13e4acbd9b592",
            "subnet_id": "subnet-020b51403b417acc3"
          },
          "private": "bnVsbA==",
          "dependencies": [
            "aws_internet_gateway.main",
            "aws_route_table.main-public",
            "aws_subnet.Public-1",
            "aws_vpc.main"
          ]
        }
      ]
    },
    {
      "mode": "managed",
      "type": "aws_route_table_association",
      "name": "b",
      "provider": "provider.aws",
      "instances": [
        {
          "schema_version": 0,
          "attributes": {
            "gateway_id": null,
            "id": "rtbassoc-02d77ab17ba2455fd",
            "route_table_id": "rtb-053b13e4acbd9b592",
            "subnet_id": "subnet-0ddb2ab961db529d0"
          },
          "private": "bnVsbA==",
          "dependencies": [
            "aws_internet_gateway.main",
            "aws_route_table.main-public",
            "aws_subnet.Public-2",
            "aws_vpc.main"
          ]
        }
      ]
    },
    {
      "mode": "managed",
      "type": "aws_route_table_association",
      "name": "c",
      "provider": "provider.aws",
      "instances": [
        {
          "schema_version": 0,
          "attributes": {
            "gateway_id": null,
            "id": "rtbassoc-05f282181024e90a3",
            "route_table_id": "rtb-053b13e4acbd9b592",
            "subnet_id": "subnet-05547d29c75710948"
          },
          "private": "bnVsbA==",
          "dependencies": [
            "aws_internet_gateway.main",
            "aws_route_table.main-public",
            "aws_subnet.Public-3",
            "aws_vpc.main"
          ]
        }
      ]
    },
    {
      "mode": "managed",
      "type": "aws_security_group",
      "name": "RDS-sg",
      "provider": "provider.aws",
      "instances": [
        {
          "schema_version": 1,
          "attributes": {
            "arn": "arn:aws:ec2:eu-west-1:224154743240:security-group/sg-0b1f7ee3872581f09",
            "description": "Allow Mysql Connection",
            "egress": [
              {
                "cidr_blocks": [
                  "0.0.0.0/0"
                ],
                "description": "",
                "from_port": 0,
                "ipv6_cidr_blocks": [],
                "prefix_list_ids": [],
                "protocol": "-1",
                "security_groups": [],
                "self": false,
                "to_port": 0
              }
            ],
            "id": "sg-0b1f7ee3872581f09",
            "ingress": [
              {
                "cidr_blocks": [],
                "description": "",
                "from_port": 3306,
                "ipv6_cidr_blocks": [],
                "prefix_list_ids": [],
                "protocol": "tcp",
                "security_groups": [
                  "sg-071396dda28467619"
                ],
                "self": false,
                "to_port": 3306
              }
            ],
            "name": "RDS-sg",
            "name_prefix": null,
            "owner_id": "224154743240",
            "revoke_rules_on_delete": false,
            "tags": {
              "Name": "RDS-sg",
              "sre_candidate": "Hussain Abbas"
            },
            "timeouts": null,
            "vpc_id": "vpc-0f0beb2522423b131"
          },
          "private": "eyJlMmJmYjczMC1lY2FhLTExZTYtOGY4OC0zNDM2M2JjN2M0YzAiOnsiY3JlYXRlIjo2MDAwMDAwMDAwMDAsImRlbGV0ZSI6NjAwMDAwMDAwMDAwfSwic2NoZW1hX3ZlcnNpb24iOiIxIn0=",
          "dependencies": [
            "aws_security_group.django-web",
            "aws_security_group.jump-box",
            "aws_vpc.main"
          ]
        }
      ]
    },
    {
      "mode": "managed",
      "type": "aws_security_group",
      "name": "django-web",
      "provider": "provider.aws",
      "instances": [
        {
          "schema_version": 1,
          "attributes": {
            "arn": "arn:aws:ec2:eu-west-1:224154743240:security-group/sg-071396dda28467619",
            "description": "Allow HTTP \u0026 HTTPS",
            "egress": [
              {
                "cidr_blocks": [
                  "0.0.0.0/0"
                ],
                "description": "",
                "from_port": 0,
                "ipv6_cidr_blocks": [],
                "prefix_list_ids": [],
                "protocol": "-1",
                "security_groups": [],
                "self": false,
                "to_port": 0
              }
            ],
            "id": "sg-071396dda28467619",
            "ingress": [
              {
                "cidr_blocks": [
                  "0.0.0.0/0"
                ],
                "description": "",
                "from_port": 443,
                "ipv6_cidr_blocks": [],
                "prefix_list_ids": [],
                "protocol": "tcp",
                "security_groups": [],
                "self": false,
                "to_port": 443
              },
              {
                "cidr_blocks": [
                  "0.0.0.0/0"
                ],
                "description": "",
                "from_port": 80,
                "ipv6_cidr_blocks": [],
                "prefix_list_ids": [],
                "protocol": "tcp",
                "security_groups": [],
                "self": false,
                "to_port": 80
              },
              {
                "cidr_blocks": [],
                "description": "",
                "from_port": 0,
                "ipv6_cidr_blocks": [],
                "prefix_list_ids": [],
                "protocol": "-1",
                "security_groups": [
                  "sg-0f7a686454491d0a2"
                ],
                "self": false,
                "to_port": 0
              }
            ],
            "name": "django-web",
            "name_prefix": null,
            "owner_id": "224154743240",
            "revoke_rules_on_delete": false,
            "tags": {
              "Name": "django-web",
              "sre_candidate": "Hussain Abbas"
            },
            "timeouts": null,
            "vpc_id": "vpc-0f0beb2522423b131"
          },
          "private": "eyJlMmJmYjczMC1lY2FhLTExZTYtOGY4OC0zNDM2M2JjN2M0YzAiOnsiY3JlYXRlIjo2MDAwMDAwMDAwMDAsImRlbGV0ZSI6NjAwMDAwMDAwMDAwfSwic2NoZW1hX3ZlcnNpb24iOiIxIn0=",
          "dependencies": [
            "aws_security_group.jump-box",
            "aws_vpc.main"
          ]
        }
      ]
    },
    {
      "mode": "managed",
      "type": "aws_security_group",
      "name": "jump-box",
      "provider": "provider.aws",
      "instances": [
        {
          "schema_version": 1,
          "attributes": {
            "arn": "arn:aws:ec2:eu-west-1:224154743240:security-group/sg-0f7a686454491d0a2",
            "description": "Allow SSH",
            "egress": [
              {
                "cidr_blocks": [
                  "0.0.0.0/0"
                ],
                "description": "",
                "from_port": 0,
                "ipv6_cidr_blocks": [],
                "prefix_list_ids": [],
                "protocol": "-1",
                "security_groups": [],
                "self": false,
                "to_port": 0
              }
            ],
            "id": "sg-0f7a686454491d0a2",
            "ingress": [
              {
                "cidr_blocks": [
                  "0.0.0.0/0"
                ],
                "description": "",
                "from_port": 22,
                "ipv6_cidr_blocks": [],
                "prefix_list_ids": [],
                "protocol": "tcp",
                "security_groups": [],
                "self": false,
                "to_port": 22
              }
            ],
            "name": "jump-box",
            "name_prefix": null,
            "owner_id": "224154743240",
            "revoke_rules_on_delete": false,
            "tags": {
              "Name": "jump-box",
              "sre_candidate": "Hussain Abbas"
            },
            "timeouts": null,
            "vpc_id": "vpc-0f0beb2522423b131"
          },
          "private": "eyJlMmJmYjczMC1lY2FhLTExZTYtOGY4OC0zNDM2M2JjN2M0YzAiOnsiY3JlYXRlIjo2MDAwMDAwMDAwMDAsImRlbGV0ZSI6NjAwMDAwMDAwMDAwfSwic2NoZW1hX3ZlcnNpb24iOiIxIn0=",
          "dependencies": [
            "aws_vpc.main"
          ]
        }
      ]
    },
    {
      "mode": "managed",
      "type": "aws_subnet",
      "name": "Private-1",
      "provider": "provider.aws",
      "instances": [
        {
          "schema_version": 1,
          "attributes": {
            "arn": "arn:aws:ec2:eu-west-1:224154743240:subnet/subnet-0e66a8cd64e1d4d06",
            "assign_ipv6_address_on_creation": false,
            "availability_zone": "eu-west-1a",
            "availability_zone_id": "euw1-az1",
            "cidr_block": "10.0.4.0/24",
            "id": "subnet-0e66a8cd64e1d4d06",
            "ipv6_cidr_block": "",
            "ipv6_cidr_block_association_id": "",
            "map_public_ip_on_launch": false,
            "owner_id": "224154743240",
            "tags": {
              "Name": "Private-Subnet-1",
              "sre_candidate": "Hussain Abbas"
            },
            "timeouts": null,
            "vpc_id": "vpc-0f0beb2522423b131"
          },
          "private": "eyJlMmJmYjczMC1lY2FhLTExZTYtOGY4OC0zNDM2M2JjN2M0YzAiOnsiY3JlYXRlIjo2MDAwMDAwMDAwMDAsImRlbGV0ZSI6MTIwMDAwMDAwMDAwMH0sInNjaGVtYV92ZXJzaW9uIjoiMSJ9",
          "dependencies": [
            "aws_vpc.main"
          ]
        }
      ]
    },
    {
      "mode": "managed",
      "type": "aws_subnet",
      "name": "Private-2",
      "provider": "provider.aws",
      "instances": [
        {
          "schema_version": 1,
          "attributes": {
            "arn": "arn:aws:ec2:eu-west-1:224154743240:subnet/subnet-0bc54947e29698989",
            "assign_ipv6_address_on_creation": false,
            "availability_zone": "eu-west-1b",
            "availability_zone_id": "euw1-az2",
            "cidr_block": "10.0.5.0/24",
            "id": "subnet-0bc54947e29698989",
            "ipv6_cidr_block": "",
            "ipv6_cidr_block_association_id": "",
            "map_public_ip_on_launch": false,
            "owner_id": "224154743240",
            "tags": {
              "Name": "Private-Subnet-2",
              "sre_candidate": "Hussain Abbas"
            },
            "timeouts": null,
            "vpc_id": "vpc-0f0beb2522423b131"
          },
          "private": "eyJlMmJmYjczMC1lY2FhLTExZTYtOGY4OC0zNDM2M2JjN2M0YzAiOnsiY3JlYXRlIjo2MDAwMDAwMDAwMDAsImRlbGV0ZSI6MTIwMDAwMDAwMDAwMH0sInNjaGVtYV92ZXJzaW9uIjoiMSJ9",
          "dependencies": [
            "aws_vpc.main"
          ]
        }
      ]
    },
    {
      "mode": "managed",
      "type": "aws_subnet",
      "name": "Private-3",
      "provider": "provider.aws",
      "instances": [
        {
          "schema_version": 1,
          "attributes": {
            "arn": "arn:aws:ec2:eu-west-1:224154743240:subnet/subnet-0ed812c6e8615ef5c",
            "assign_ipv6_address_on_creation": false,
            "availability_zone": "eu-west-1c",
            "availability_zone_id": "euw1-az3",
            "cidr_block": "10.0.6.0/24",
            "id": "subnet-0ed812c6e8615ef5c",
            "ipv6_cidr_block": "",
            "ipv6_cidr_block_association_id": "",
            "map_public_ip_on_launch": false,
            "owner_id": "224154743240",
            "tags": {
              "Name": "Private-Subnet-3",
              "sre_candidate": "Hussain Abbas"
            },
            "timeouts": null,
            "vpc_id": "vpc-0f0beb2522423b131"
          },
          "private": "eyJlMmJmYjczMC1lY2FhLTExZTYtOGY4OC0zNDM2M2JjN2M0YzAiOnsiY3JlYXRlIjo2MDAwMDAwMDAwMDAsImRlbGV0ZSI6MTIwMDAwMDAwMDAwMH0sInNjaGVtYV92ZXJzaW9uIjoiMSJ9",
          "dependencies": [
            "aws_vpc.main"
          ]
        }
      ]
    },
    {
      "mode": "managed",
      "type": "aws_subnet",
      "name": "Public-1",
      "provider": "provider.aws",
      "instances": [
        {
          "schema_version": 1,
          "attributes": {
            "arn": "arn:aws:ec2:eu-west-1:224154743240:subnet/subnet-020b51403b417acc3",
            "assign_ipv6_address_on_creation": false,
            "availability_zone": "eu-west-1a",
            "availability_zone_id": "euw1-az1",
            "cidr_block": "10.0.1.0/24",
            "id": "subnet-020b51403b417acc3",
            "ipv6_cidr_block": "",
            "ipv6_cidr_block_association_id": "",
            "map_public_ip_on_launch": true,
            "owner_id": "224154743240",
            "tags": {
              "Name": "Public-Subnet-1",
              "sre_candidate": "Hussain Abbas"
            },
            "timeouts": null,
            "vpc_id": "vpc-0f0beb2522423b131"
          },
          "private": "eyJlMmJmYjczMC1lY2FhLTExZTYtOGY4OC0zNDM2M2JjN2M0YzAiOnsiY3JlYXRlIjo2MDAwMDAwMDAwMDAsImRlbGV0ZSI6MTIwMDAwMDAwMDAwMH0sInNjaGVtYV92ZXJzaW9uIjoiMSJ9",
          "dependencies": [
            "aws_vpc.main"
          ]
        }
      ]
    },
    {
      "mode": "managed",
      "type": "aws_subnet",
      "name": "Public-2",
      "provider": "provider.aws",
      "instances": [
        {
          "schema_version": 1,
          "attributes": {
            "arn": "arn:aws:ec2:eu-west-1:224154743240:subnet/subnet-0ddb2ab961db529d0",
            "assign_ipv6_address_on_creation": false,
            "availability_zone": "eu-west-1b",
            "availability_zone_id": "euw1-az2",
            "cidr_block": "10.0.2.0/24",
            "id": "subnet-0ddb2ab961db529d0",
            "ipv6_cidr_block": "",
            "ipv6_cidr_block_association_id": "",
            "map_public_ip_on_launch": true,
            "owner_id": "224154743240",
            "tags": {
              "Name": "Public-Subnet-2",
              "sre_candidate": "Hussain Abbas"
            },
            "timeouts": null,
            "vpc_id": "vpc-0f0beb2522423b131"
          },
          "private": "eyJlMmJmYjczMC1lY2FhLTExZTYtOGY4OC0zNDM2M2JjN2M0YzAiOnsiY3JlYXRlIjo2MDAwMDAwMDAwMDAsImRlbGV0ZSI6MTIwMDAwMDAwMDAwMH0sInNjaGVtYV92ZXJzaW9uIjoiMSJ9",
          "dependencies": [
            "aws_vpc.main"
          ]
        }
      ]
    },
    {
      "mode": "managed",
      "type": "aws_subnet",
      "name": "Public-3",
      "provider": "provider.aws",
      "instances": [
        {
          "schema_version": 1,
          "attributes": {
            "arn": "arn:aws:ec2:eu-west-1:224154743240:subnet/subnet-05547d29c75710948",
            "assign_ipv6_address_on_creation": false,
            "availability_zone": "eu-west-1c",
            "availability_zone_id": "euw1-az3",
            "cidr_block": "10.0.3.0/24",
            "id": "subnet-05547d29c75710948",
            "ipv6_cidr_block": "",
            "ipv6_cidr_block_association_id": "",
            "map_public_ip_on_launch": true,
            "owner_id": "224154743240",
            "tags": {
              "Name": "Public-Subnet-3",
              "sre_candidate": "Hussain Abbas"
            },
            "timeouts": null,
            "vpc_id": "vpc-0f0beb2522423b131"
          },
          "private": "eyJlMmJmYjczMC1lY2FhLTExZTYtOGY4OC0zNDM2M2JjN2M0YzAiOnsiY3JlYXRlIjo2MDAwMDAwMDAwMDAsImRlbGV0ZSI6MTIwMDAwMDAwMDAwMH0sInNjaGVtYV92ZXJzaW9uIjoiMSJ9",
          "dependencies": [
            "aws_vpc.main"
          ]
        }
      ]
    },
    {
      "mode": "managed",
      "type": "aws_vpc",
      "name": "main",
      "provider": "provider.aws",
      "instances": [
        {
          "schema_version": 1,
          "attributes": {
            "arn": "arn:aws:ec2:eu-west-1:224154743240:vpc/vpc-0f0beb2522423b131",
            "assign_generated_ipv6_cidr_block": false,
            "cidr_block": "10.0.0.0/16",
            "default_network_acl_id": "acl-0a7acb2b7d2801238",
            "default_route_table_id": "rtb-0ecc151716551a073",
            "default_security_group_id": "sg-0fc8e5bcc4170921f",
            "dhcp_options_id": "dopt-d8a4cabe",
            "enable_classiclink": false,
            "enable_classiclink_dns_support": false,
            "enable_dns_hostnames": false,
            "enable_dns_support": true,
            "id": "vpc-0f0beb2522423b131",
            "instance_tenancy": "default",
            "ipv6_association_id": "",
            "ipv6_cidr_block": "",
            "main_route_table_id": "rtb-0ecc151716551a073",
            "owner_id": "224154743240",
            "tags": {
              "sre_candidate": "Hussain Abbas"
            }
          },
          "private": "eyJzY2hlbWFfdmVyc2lvbiI6IjEifQ=="
        }
      ]
    },
    {
      "mode": "managed",
      "type": "random_shuffle",
      "name": "Public-Subnet-ID",
      "provider": "provider.random",
      "instances": [
        {
          "schema_version": 0,
          "attributes": {
            "id": "-",
            "input": [
              "subnet-020b51403b417acc3",
              "subnet-0ddb2ab961db529d0",
              "subnet-05547d29c75710948"
            ],
            "keepers": null,
            "result": [
              "subnet-0ddb2ab961db529d0"
            ],
            "result_count": 1,
            "seed": null
          },
          "private": "bnVsbA==",
          "dependencies": [
            "aws_subnet.Public-1",
            "aws_subnet.Public-2",
            "aws_subnet.Public-3",
            "aws_vpc.main"
          ]
        }
      ]
    }
  ]
}
